
Microsoft Visual Studio Solution File, Format Version 12.00
# Visual Studio Version 17
VisualStudioVersion = 17.11.35327.3
MinimumVisualStudioVersion = 10.0.40219.1
Project("{2150E333-8FDC-42A3-9474-1A3956D46DE8}") = "Product", "Product", "{5F57B776-6262-45A9-9BA7-F1273451B322}"
EndProject
Project("{FAE04EC0-301F-11D3-BF4B-00C04F79EFBC}") = "Product.App.Web", "Product.App.Web\Product.App.Web.csproj", "{24148486-663E-4DC9-87A9-CFAC481B9390}"
EndProject
Project("{FAE04EC0-301F-11D3-BF4B-00C04F79EFBC}") = "Product.App.BLL", "Product.App.BLL\Product.App.BLL.csproj", "{38A76AFC-40D1-456A-B338-EE6D90337E59}"
EndProject
Project("{FAE04EC0-301F-11D3-BF4B-00C04F79EFBC}") = "Product.App.Data", "Product.App.Data\Product.App.Data.csproj", "{E3B43F9F-292E-4968-BBC4-A0E3D8A7C382}"
EndProject
Project("{FAE04EC0-301F-11D3-BF4B-00C04F79EFBC}") = "Product.App.Domain", "Product.App.Domain\Product.App.Domain.csproj", "{C128A001-03E9-4A87-A9E7-5B8BA9630EBC}"
EndProject
Project("{FAE04EC0-301F-11D3-BF4B-00C04F79EFBC}") = "Product.App.Helper", "Product.App.Helper\Product.App.Helper.csproj", "{70CCFDFC-A5AF-4C48-8DC0-9BA62F8BED66}"
EndProject
Project("{FAE04EC0-301F-11D3-BF4B-00C04F79EFBC}") = "Product.App.Infrastructure", "Product.App.Infrastructure\Product.App.Infrastructure.csproj", "{529D2D06-E45B-4719-A2DF-33B9222A82A6}"
EndProject
Project("{FAE04EC0-301F-11D3-BF4B-00C04F79EFBC}") = "Product.App.Service", "Product.App.Service\Product.App.Service.csproj", "{5D02D72A-A6B1-41F0-901E-AD1920FB272B}"
EndProject
Project("{2150E333-8FDC-42A3-9474-1A3956D46DE8}") = "SharedService", "SharedService", "{51A3C0AB-4497-4F77-87A8-094686114638}"
EndProject
Project("{FAE04EC0-301F-11D3-BF4B-00C04F79EFBC}") = "Shared.RabbitMQ.Models", "Shared.RabbitMQ.Models\Shared.RabbitMQ.Models.csproj", "{A442C011-D15C-4D51-95D3-3008E09E44F4}"
EndProject
Global
	GlobalSection(SolutionConfigurationPlatforms) = preSolution
		Debug|Any CPU = Debug|Any CPU
		Release|Any CPU = Release|Any CPU
	EndGlobalSection
	GlobalSection(ProjectConfigurationPlatforms) = postSolution
		{24148486-663E-4DC9-87A9-CFAC481B9390}.Debug|Any CPU.ActiveCfg = Debug|Any CPU
		{24148486-663E-4DC9-87A9-CFAC481B9390}.Debug|Any CPU.Build.0 = Debug|Any CPU
		{24148486-663E-4DC9-87A9-CFAC481B9390}.Release|Any CPU.ActiveCfg = Release|Any CPU
		{24148486-663E-4DC9-87A9-CFAC481B9390}.Release|Any CPU.Build.0 = Release|Any CPU
		{38A76AFC-40D1-456A-B338-EE6D90337E59}.Debug|Any CPU.ActiveCfg = Debug|Any CPU
		{38A76AFC-40D1-456A-B338-EE6D90337E59}.Debug|Any CPU.Build.0 = Debug|Any CPU
		{38A76AFC-40D1-456A-B338-EE6D90337E59}.Release|Any CPU.ActiveCfg = Release|Any CPU
		{38A76AFC-40D1-456A-B338-EE6D90337E59}.Release|Any CPU.Build.0 = Release|Any CPU
		{E3B43F9F-292E-4968-BBC4-A0E3D8A7C382}.Debug|Any CPU.ActiveCfg = Debug|Any CPU
		{E3B43F9F-292E-4968-BBC4-A0E3D8A7C382}.Debug|Any CPU.Build.0 = Debug|Any CPU
		{E3B43F9F-292E-4968-BBC4-A0E3D8A7C382}.Release|Any CPU.ActiveCfg = Release|Any CPU
		{E3B43F9F-292E-4968-BBC4-A0E3D8A7C382}.Release|Any CPU.Build.0 = Release|Any CPU
		{C128A001-03E9-4A87-A9E7-5B8BA9630EBC}.Debug|Any CPU.ActiveCfg = Debug|Any CPU
		{C128A001-03E9-4A87-A9E7-5B8BA9630EBC}.Debug|Any CPU.Build.0 = Debug|Any CPU
		{C128A001-03E9-4A87-A9E7-5B8BA9630EBC}.Release|Any CPU.ActiveCfg = Release|Any CPU
		{C128A001-03E9-4A87-A9E7-5B8BA9630EBC}.Release|Any CPU.Build.0 = Release|Any CPU
		{70CCFDFC-A5AF-4C48-8DC0-9BA62F8BED66}.Debug|Any CPU.ActiveCfg = Debug|Any CPU
		{70CCFDFC-A5AF-4C48-8DC0-9BA62F8BED66}.Debug|Any CPU.Build.0 = Debug|Any CPU
		{70CCFDFC-A5AF-4C48-8DC0-9BA62F8BED66}.Release|Any CPU.ActiveCfg = Release|Any CPU
		{70CCFDFC-A5AF-4C48-8DC0-9BA62F8BED66}.Release|Any CPU.Build.0 = Release|Any CPU
		{529D2D06-E45B-4719-A2DF-33B9222A82A6}.Debug|Any CPU.ActiveCfg = Debug|Any CPU
		{529D2D06-E45B-4719-A2DF-33B9222A82A6}.Debug|Any CPU.Build.0 = Debug|Any CPU
		{529D2D06-E45B-4719-A2DF-33B9222A82A6}.Release|Any CPU.ActiveCfg = Release|Any CPU
		{529D2D06-E45B-4719-A2DF-33B9222A82A6}.Release|Any CPU.Build.0 = Release|Any CPU
		{5D02D72A-A6B1-41F0-901E-AD1920FB272B}.Debug|Any CPU.ActiveCfg = Debug|Any CPU
		{5D02D72A-A6B1-41F0-901E-AD1920FB272B}.Debug|Any CPU.Build.0 = Debug|Any CPU
		{5D02D72A-A6B1-41F0-901E-AD1920FB272B}.Release|Any CPU.ActiveCfg = Release|Any CPU
		{5D02D72A-A6B1-41F0-901E-AD1920FB272B}.Release|Any CPU.Build.0 = Release|Any CPU
		{A442C011-D15C-4D51-95D3-3008E09E44F4}.Debug|Any CPU.ActiveCfg = Debug|Any CPU
		{A442C011-D15C-4D51-95D3-3008E09E44F4}.Debug|Any CPU.Build.0 = Debug|Any CPU
		{A442C011-D15C-4D51-95D3-3008E09E44F4}.Release|Any CPU.ActiveCfg = Release|Any CPU
		{A442C011-D15C-4D51-95D3-3008E09E44F4}.Release|Any CPU.Build.0 = Release|Any CPU
	EndGlobalSection
	GlobalSection(SolutionProperties) = preSolution
		HideSolutionNode = FALSE
	EndGlobalSection
	GlobalSection(NestedProjects) = preSolution
		{24148486-663E-4DC9-87A9-CFAC481B9390} = {5F57B776-6262-45A9-9BA7-F1273451B322}
		{38A76AFC-40D1-456A-B338-EE6D90337E59} = {5F57B776-6262-45A9-9BA7-F1273451B322}
		{E3B43F9F-292E-4968-BBC4-A0E3D8A7C382} = {5F57B776-6262-45A9-9BA7-F1273451B322}
		{C128A001-03E9-4A87-A9E7-5B8BA9630EBC} = {5F57B776-6262-45A9-9BA7-F1273451B322}
		{70CCFDFC-A5AF-4C48-8DC0-9BA62F8BED66} = {5F57B776-6262-45A9-9BA7-F1273451B322}
		{529D2D06-E45B-4719-A2DF-33B9222A82A6} = {5F57B776-6262-45A9-9BA7-F1273451B322}
		{5D02D72A-A6B1-41F0-901E-AD1920FB272B} = {5F57B776-6262-45A9-9BA7-F1273451B322}
		{A442C011-D15C-4D51-95D3-3008E09E44F4} = {51A3C0AB-4497-4F77-87A8-094686114638}
	EndGlobalSection
	GlobalSection(ExtensibilityGlobals) = postSolution
		SolutionGuid = {72D687DF-7475-43CC-BA82-5403F6ECBBF3}
	EndGlobalSection
EndGlobal
