
Microsoft Visual Studio Solution File, Format Version 12.00
# Visual Studio Version 18
VisualStudioVersion = 18.1.11312.151
MinimumVisualStudioVersion = 10.0.40219.1
Project("{2150E333-8FDC-42A3-9474-1A3956D46DE8}") = "ProductMS", "ProductMS", "{5F57B776-6262-45A9-9BA7-F1273451B322}"
EndProject
Project("{2150E333-8FDC-42A3-9474-1A3956D46DE8}") = "SharedService", "SharedService", "{51A3C0AB-4497-4F77-87A8-094686114638}"
EndProject
Project("{2150E333-8FDC-42A3-9474-1A3956D46DE8}") = "OrderMS", "OrderMS", "{F8640020-E005-4F81-90A3-23B03FB72488}"
EndProject
Project("{9A19103F-16F7-4668-BE54-9A1E7A4F7556}") = "OrderMS.App.Web", "OrderMS\OrderMS.App.Web\OrderMS.App.Web.csproj", "{FC3D4A73-35FD-4CDE-9F56-13B18B26DF90}"
EndProject
Project("{9A19103F-16F7-4668-BE54-9A1E7A4F7556}") = "OrderMS.App.BLL", "OrderMS\OrderMS.App.BLL\OrderMS.App.BLL.csproj", "{F5DE9A52-8F66-4F94-ABF5-F69A31EB04D1}"
EndProject
Project("{9A19103F-16F7-4668-BE54-9A1E7A4F7556}") = "OrderMS.App.Data", "OrderMS\OrderMS.App.Data\OrderMS.App.Data.csproj", "{92DF994B-0C5C-45A7-A692-9C252C1EE9DC}"
EndProject
Project("{9A19103F-16F7-4668-BE54-9A1E7A4F7556}") = "OrderMS.App.Domain", "OrderMS\OrderMS.App.Domain\OrderMS.App.Domain.csproj", "{863AE821-9D2D-49D6-B629-5E5F4DB8A5C0}"
EndProject
Project("{9A19103F-16F7-4668-BE54-9A1E7A4F7556}") = "OrderMS.App.Helper", "OrderMS\OrderMS.App.Helper\OrderMS.App.Helper.csproj", "{56948C3A-155B-4756-B310-972E5A82EFA9}"
EndProject
Project("{9A19103F-16F7-4668-BE54-9A1E7A4F7556}") = "OrderMS.App.Service", "OrderMS\OrderMS.App.Service\OrderMS.App.Service.csproj", "{326C39E8-280A-4BEB-B903-4A5C128EDE27}"
EndProject
Project("{9A19103F-16F7-4668-BE54-9A1E7A4F7556}") = "OrderMS.App.Infrastructure", "OrderMS\OrderMS.App.Infrastructure\OrderMS.App.Infrastructure.csproj", "{18E74158-6B6C-4364-92B3-FE962349EDB8}"
EndProject
Project("{2150E333-8FDC-42A3-9474-1A3956D46DE8}") = "WarehouseMS", "WarehouseMS", "{1AAF522A-90B8-4A6D-82ED-CAC36337D1E3}"
EndProject
Project("{FAE04EC0-301F-11D3-BF4B-00C04F79EFBC}") = "WarehouseMS.App.Web", "WarehouseMS\WarehouseMS.App.Web\WarehouseMS.App.Web.csproj", "{48EA1DBD-FD56-4823-B37F-AC6C1CEF00F3}"
EndProject
Project("{FAE04EC0-301F-11D3-BF4B-00C04F79EFBC}") = "WarehouseMS.App.Data", "WarehouseMS\WarehouseMS.App.Data\WarehouseMS.App.Data.csproj", "{AE9D6AFE-B393-4736-A657-157EE2F7D596}"
EndProject
Project("{FAE04EC0-301F-11D3-BF4B-00C04F79EFBC}") = "WarehouseMS.App.Domain", "WarehouseMS\WarehouseMS.App.Domain\WarehouseMS.App.Domain.csproj", "{E0F0B0D0-99C2-421E-A487-3E23F8142430}"
EndProject
Project("{FAE04EC0-301F-11D3-BF4B-00C04F79EFBC}") = "WarehouseMS.App.Helper", "WarehouseMS\WarehouseMS.App.Helper\WarehouseMS.App.Helper.csproj", "{F4D8FD36-F4F5-4FB3-8F90-AA471C9DCE27}"
EndProject
Project("{FAE04EC0-301F-11D3-BF4B-00C04F79EFBC}") = "WarehouseMS.App.Infrastructure", "WarehouseMS\WarehouseMS.App.Infrastructure\WarehouseMS.App.Infrastructure.csproj", "{63C360E1-8602-4A0E-8EF6-C828C85B277F}"
EndProject
Project("{FAE04EC0-301F-11D3-BF4B-00C04F79EFBC}") = "WarehouseMS.App.Service", "WarehouseMS\WarehouseMS.App.Service\WarehouseMS.App.Service.csproj", "{1235191B-DD59-4438-B348-72342C436300}"
EndProject
Project("{FAE04EC0-301F-11D3-BF4B-00C04F79EFBC}") = "WarehouseMS.App.BLL", "WarehouseMS\WarehouseMS.App.BLL\WarehouseMS.App.BLL.csproj", "{084A7029-9792-4420-A639-523D71BB9F78}"
EndProject
Project("{FAE04EC0-301F-11D3-BF4B-00C04F79EFBC}") = "Product.App.BLL", "ProductMS\Product.App.BLL\Product.App.BLL.csproj", "{6C8B0DB7-A58A-AB70-21C6-E0FDE0F24387}"
EndProject
Project("{FAE04EC0-301F-11D3-BF4B-00C04F79EFBC}") = "Product.App.Data", "ProductMS\Product.App.Data\Product.App.Data.csproj", "{D8D9FC1D-7AF8-DC51-EF6E-06F485B517CE}"
EndProject
Project("{FAE04EC0-301F-11D3-BF4B-00C04F79EFBC}") = "Product.App.Domain", "ProductMS\Product.App.Domain\Product.App.Domain.csproj", "{CA3C0B77-5009-2CDB-AD19-218676E2B005}"
EndProject
Project("{FAE04EC0-301F-11D3-BF4B-00C04F79EFBC}") = "Product.App.Helper", "ProductMS\Product.App.Helper\Product.App.Helper.csproj", "{8134549A-77AE-9ACE-2575-E53934A7D567}"
EndProject
Project("{FAE04EC0-301F-11D3-BF4B-00C04F79EFBC}") = "Product.App.Infrastructure", "ProductMS\Product.App.Infrastructure\Product.App.Infrastructure.csproj", "{4B301489-EB12-A802-3464-D04438FCDADA}"
EndProject
Project("{FAE04EC0-301F-11D3-BF4B-00C04F79EFBC}") = "Product.App.Service", "ProductMS\Product.App.Service\Product.App.Service.csproj", "{394180A5-B46E-D4AB-C34A-FEC5ED5F42D2}"
EndProject
Project("{FAE04EC0-301F-11D3-BF4B-00C04F79EFBC}") = "Product.App.Web", "ProductMS\Product.App.Web\Product.App.Web.csproj", "{52F7E8C0-7352-C6A6-9A57-19D7140DFD23}"
EndProject
Project("{FAE04EC0-301F-11D3-BF4B-00C04F79EFBC}") = "Shared.RabbitMQ.Models", "SharedService\Shared.RabbitMQ.Models\Shared.RabbitMQ.Models.csproj", "{4C0A47B3-4568-9416-C261-5F3889838902}"
EndProject
Project("{FAE04EC0-301F-11D3-BF4B-00C04F79EFBC}") = "Shared.Grpc.Contract", "Shared.Grpc.Contract\Shared.Grpc.Contract.csproj", "{83F90447-5EDB-4DD9-B8C4-06B3133CB063}"
EndProject
Project("{2150E333-8FDC-42A3-9474-1A3956D46DE8}") = "AccountMS", "AccountMS", "{D23888AB-9439-4EA8-9618-09D9A463AF21}"
EndProject
Project("{FAE04EC0-301F-11D3-BF4B-00C04F79EFBC}") = "AccountMS.App.Payment", "AccountMS.App.Payment\AccountMS.App.Payment.csproj", "{B073855C-5EF1-4256-BE59-B2CC8D4993BE}"
EndProject
Global
	GlobalSection(SolutionConfigurationPlatforms) = preSolution
		Debug|Any CPU = Debug|Any CPU
		Release|Any CPU = Release|Any CPU
	EndGlobalSection
	GlobalSection(ProjectConfigurationPlatforms) = postSolution
		{FC3D4A73-35FD-4CDE-9F56-13B18B26DF90}.Debug|Any CPU.ActiveCfg = Debug|Any CPU
		{FC3D4A73-35FD-4CDE-9F56-13B18B26DF90}.Debug|Any CPU.Build.0 = Debug|Any CPU
		{FC3D4A73-35FD-4CDE-9F56-13B18B26DF90}.Release|Any CPU.ActiveCfg = Release|Any CPU
		{FC3D4A73-35FD-4CDE-9F56-13B18B26DF90}.Release|Any CPU.Build.0 = Release|Any CPU
		{F5DE9A52-8F66-4F94-ABF5-F69A31EB04D1}.Debug|Any CPU.ActiveCfg = Debug|Any CPU
		{F5DE9A52-8F66-4F94-ABF5-F69A31EB04D1}.Debug|Any CPU.Build.0 = Debug|Any CPU
		{F5DE9A52-8F66-4F94-ABF5-F69A31EB04D1}.Release|Any CPU.ActiveCfg = Release|Any CPU
		{F5DE9A52-8F66-4F94-ABF5-F69A31EB04D1}.Release|Any CPU.Build.0 = Release|Any CPU
		{92DF994B-0C5C-45A7-A692-9C252C1EE9DC}.Debug|Any CPU.ActiveCfg = Debug|Any CPU
		{92DF994B-0C5C-45A7-A692-9C252C1EE9DC}.Debug|Any CPU.Build.0 = Debug|Any CPU
		{92DF994B-0C5C-45A7-A692-9C252C1EE9DC}.Release|Any CPU.ActiveCfg = Release|Any CPU
		{92DF994B-0C5C-45A7-A692-9C252C1EE9DC}.Release|Any CPU.Build.0 = Release|Any CPU
		{863AE821-9D2D-49D6-B629-5E5F4DB8A5C0}.Debug|Any CPU.ActiveCfg = Debug|Any CPU
		{863AE821-9D2D-49D6-B629-5E5F4DB8A5C0}.Debug|Any CPU.Build.0 = Debug|Any CPU
		{863AE821-9D2D-49D6-B629-5E5F4DB8A5C0}.Release|Any CPU.ActiveCfg = Release|Any CPU
		{863AE821-9D2D-49D6-B629-5E5F4DB8A5C0}.Release|Any CPU.Build.0 = Release|Any CPU
		{56948C3A-155B-4756-B310-972E5A82EFA9}.Debug|Any CPU.ActiveCfg = Debug|Any CPU
		{56948C3A-155B-4756-B310-972E5A82EFA9}.Debug|Any CPU.Build.0 = Debug|Any CPU
		{56948C3A-155B-4756-B310-972E5A82EFA9}.Release|Any CPU.ActiveCfg = Release|Any CPU
		{56948C3A-155B-4756-B310-972E5A82EFA9}.Release|Any CPU.Build.0 = Release|Any CPU
		{326C39E8-280A-4BEB-B903-4A5C128EDE27}.Debug|Any CPU.ActiveCfg = Debug|Any CPU
		{326C39E8-280A-4BEB-B903-4A5C128EDE27}.Debug|Any CPU.Build.0 = Debug|Any CPU
		{326C39E8-280A-4BEB-B903-4A5C128EDE27}.Release|Any CPU.ActiveCfg = Release|Any CPU
		{326C39E8-280A-4BEB-B903-4A5C128EDE27}.Release|Any CPU.Build.0 = Release|Any CPU
		{18E74158-6B6C-4364-92B3-FE962349EDB8}.Debug|Any CPU.ActiveCfg = Debug|Any CPU
		{18E74158-6B6C-4364-92B3-FE962349EDB8}.Debug|Any CPU.Build.0 = Debug|Any CPU
		{18E74158-6B6C-4364-92B3-FE962349EDB8}.Release|Any CPU.ActiveCfg = Release|Any CPU
		{18E74158-6B6C-4364-92B3-FE962349EDB8}.Release|Any CPU.Build.0 = Release|Any CPU
		{48EA1DBD-FD56-4823-B37F-AC6C1CEF00F3}.Debug|Any CPU.ActiveCfg = Debug|Any CPU
		{48EA1DBD-FD56-4823-B37F-AC6C1CEF00F3}.Debug|Any CPU.Build.0 = Debug|Any CPU
		{48EA1DBD-FD56-4823-B37F-AC6C1CEF00F3}.Release|Any CPU.ActiveCfg = Release|Any CPU
		{48EA1DBD-FD56-4823-B37F-AC6C1CEF00F3}.Release|Any CPU.Build.0 = Release|Any CPU
		{AE9D6AFE-B393-4736-A657-157EE2F7D596}.Debug|Any CPU.ActiveCfg = Debug|Any CPU
		{AE9D6AFE-B393-4736-A657-157EE2F7D596}.Debug|Any CPU.Build.0 = Debug|Any CPU
		{AE9D6AFE-B393-4736-A657-157EE2F7D596}.Release|Any CPU.ActiveCfg = Release|Any CPU
		{AE9D6AFE-B393-4736-A657-157EE2F7D596}.Release|Any CPU.Build.0 = Release|Any CPU
		{E0F0B0D0-99C2-421E-A487-3E23F8142430}.Debug|Any CPU.ActiveCfg = Debug|Any CPU
		{E0F0B0D0-99C2-421E-A487-3E23F8142430}.Debug|Any CPU.Build.0 = Debug|Any CPU
		{E0F0B0D0-99C2-421E-A487-3E23F8142430}.Release|Any CPU.ActiveCfg = Release|Any CPU
		{E0F0B0D0-99C2-421E-A487-3E23F8142430}.Release|Any CPU.Build.0 = Release|Any CPU
		{F4D8FD36-F4F5-4FB3-8F90-AA471C9DCE27}.Debug|Any CPU.ActiveCfg = Debug|Any CPU
		{F4D8FD36-F4F5-4FB3-8F90-AA471C9DCE27}.Debug|Any CPU.Build.0 = Debug|Any CPU
		{F4D8FD36-F4F5-4FB3-8F90-AA471C9DCE27}.Release|Any CPU.ActiveCfg = Release|Any CPU
		{F4D8FD36-F4F5-4FB3-8F90-AA471C9DCE27}.Release|Any CPU.Build.0 = Release|Any CPU
		{63C360E1-8602-4A0E-8EF6-C828C85B277F}.Debug|Any CPU.ActiveCfg = Debug|Any CPU
		{63C360E1-8602-4A0E-8EF6-C828C85B277F}.Debug|Any CPU.Build.0 = Debug|Any CPU
		{63C360E1-8602-4A0E-8EF6-C828C85B277F}.Release|Any CPU.ActiveCfg = Release|Any CPU
		{63C360E1-8602-4A0E-8EF6-C828C85B277F}.Release|Any CPU.Build.0 = Release|Any CPU
		{1235191B-DD59-4438-B348-72342C436300}.Debug|Any CPU.ActiveCfg = Debug|Any CPU
		{1235191B-DD59-4438-B348-72342C436300}.Debug|Any CPU.Build.0 = Debug|Any CPU
		{1235191B-DD59-4438-B348-72342C436300}.Release|Any CPU.ActiveCfg = Release|Any CPU
		{1235191B-DD59-4438-B348-72342C436300}.Release|Any CPU.Build.0 = Release|Any CPU
		{084A7029-9792-4420-A639-523D71BB9F78}.Debug|Any CPU.ActiveCfg = Debug|Any CPU
		{084A7029-9792-4420-A639-523D71BB9F78}.Debug|Any CPU.Build.0 = Debug|Any CPU
		{084A7029-9792-4420-A639-523D71BB9F78}.Release|Any CPU.ActiveCfg = Release|Any CPU
		{084A7029-9792-4420-A639-523D71BB9F78}.Release|Any CPU.Build.0 = Release|Any CPU
		{6C8B0DB7-A58A-AB70-21C6-E0FDE0F24387}.Debug|Any CPU.ActiveCfg = Debug|Any CPU
		{6C8B0DB7-A58A-AB70-21C6-E0FDE0F24387}.Debug|Any CPU.Build.0 = Debug|Any CPU
		{6C8B0DB7-A58A-AB70-21C6-E0FDE0F24387}.Release|Any CPU.ActiveCfg = Release|Any CPU
		{6C8B0DB7-A58A-AB70-21C6-E0FDE0F24387}.Release|Any CPU.Build.0 = Release|Any CPU
		{D8D9FC1D-7AF8-DC51-EF6E-06F485B517CE}.Debug|Any CPU.ActiveCfg = Debug|Any CPU
		{D8D9FC1D-7AF8-DC51-EF6E-06F485B517CE}.Debug|Any CPU.Build.0 = Debug|Any CPU
		{D8D9FC1D-7AF8-DC51-EF6E-06F485B517CE}.Release|Any CPU.ActiveCfg = Release|Any CPU
		{D8D9FC1D-7AF8-DC51-EF6E-06F485B517CE}.Release|Any CPU.Build.0 = Release|Any CPU
		{CA3C0B77-5009-2CDB-AD19-218676E2B005}.Debug|Any CPU.ActiveCfg = Debug|Any CPU
		{CA3C0B77-5009-2CDB-AD19-218676E2B005}.Debug|Any CPU.Build.0 = Debug|Any CPU
		{CA3C0B77-5009-2CDB-AD19-218676E2B005}.Release|Any CPU.ActiveCfg = Release|Any CPU
		{CA3C0B77-5009-2CDB-AD19-218676E2B005}.Release|Any CPU.Build.0 = Release|Any CPU
		{8134549A-77AE-9ACE-2575-E53934A7D567}.Debug|Any CPU.ActiveCfg = Debug|Any CPU
		{8134549A-77AE-9ACE-2575-E53934A7D567}.Debug|Any CPU.Build.0 = Debug|Any CPU
		{8134549A-77AE-9ACE-2575-E53934A7D567}.Release|Any CPU.ActiveCfg = Release|Any CPU
		{8134549A-77AE-9ACE-2575-E53934A7D567}.Release|Any CPU.Build.0 = Release|Any CPU
		{4B301489-EB12-A802-3464-D04438FCDADA}.Debug|Any CPU.ActiveCfg = Debug|Any CPU
		{4B301489-EB12-A802-3464-D04438FCDADA}.Debug|Any CPU.Build.0 = Debug|Any CPU
		{4B301489-EB12-A802-3464-D04438FCDADA}.Release|Any CPU.ActiveCfg = Release|Any CPU
		{4B301489-EB12-A802-3464-D04438FCDADA}.Release|Any CPU.Build.0 = Release|Any CPU
		{394180A5-B46E-D4AB-C34A-FEC5ED5F42D2}.Debug|Any CPU.ActiveCfg = Debug|Any CPU
		{394180A5-B46E-D4AB-C34A-FEC5ED5F42D2}.Debug|Any CPU.Build.0 = Debug|Any CPU
		{394180A5-B46E-D4AB-C34A-FEC5ED5F42D2}.Release|Any CPU.ActiveCfg = Release|Any CPU
		{394180A5-B46E-D4AB-C34A-FEC5ED5F42D2}.Release|Any CPU.Build.0 = Release|Any CPU
		{52F7E8C0-7352-C6A6-9A57-19D7140DFD23}.Debug|Any CPU.ActiveCfg = Debug|Any CPU
		{52F7E8C0-7352-C6A6-9A57-19D7140DFD23}.Debug|Any CPU.Build.0 = Debug|Any CPU
		{52F7E8C0-7352-C6A6-9A57-19D7140DFD23}.Release|Any CPU.ActiveCfg = Release|Any CPU
		{52F7E8C0-7352-C6A6-9A57-19D7140DFD23}.Release|Any CPU.Build.0 = Release|Any CPU
		{4C0A47B3-4568-9416-C261-5F3889838902}.Debug|Any CPU.ActiveCfg = Debug|Any CPU
		{4C0A47B3-4568-9416-C261-5F3889838902}.Debug|Any CPU.Build.0 = Debug|Any CPU
		{4C0A47B3-4568-9416-C261-5F3889838902}.Release|Any CPU.ActiveCfg = Release|Any CPU
		{4C0A47B3-4568-9416-C261-5F3889838902}.Release|Any CPU.Build.0 = Release|Any CPU
		{83F90447-5EDB-4DD9-B8C4-06B3133CB063}.Debug|Any CPU.ActiveCfg = Debug|Any CPU
		{83F90447-5EDB-4DD9-B8C4-06B3133CB063}.Debug|Any CPU.Build.0 = Debug|Any CPU
		{83F90447-5EDB-4DD9-B8C4-06B3133CB063}.Release|Any CPU.ActiveCfg = Release|Any CPU
		{83F90447-5EDB-4DD9-B8C4-06B3133CB063}.Release|Any CPU.Build.0 = Release|Any CPU
		{B073855C-5EF1-4256-BE59-B2CC8D4993BE}.Debug|Any CPU.ActiveCfg = Debug|Any CPU
		{B073855C-5EF1-4256-BE59-B2CC8D4993BE}.Debug|Any CPU.Build.0 = Debug|Any CPU
		{B073855C-5EF1-4256-BE59-B2CC8D4993BE}.Release|Any CPU.ActiveCfg = Release|Any CPU
		{B073855C-5EF1-4256-BE59-B2CC8D4993BE}.Release|Any CPU.Build.0 = Release|Any CPU
	EndGlobalSection
	GlobalSection(SolutionProperties) = preSolution
		HideSolutionNode = FALSE
	EndGlobalSection
	GlobalSection(NestedProjects) = preSolution
		{FC3D4A73-35FD-4CDE-9F56-13B18B26DF90} = {F8640020-E005-4F81-90A3-23B03FB72488}
		{F5DE9A52-8F66-4F94-ABF5-F69A31EB04D1} = {F8640020-E005-4F81-90A3-23B03FB72488}
		{92DF994B-0C5C-45A7-A692-9C252C1EE9DC} = {F8640020-E005-4F81-90A3-23B03FB72488}
		{863AE821-9D2D-49D6-B629-5E5F4DB8A5C0} = {F8640020-E005-4F81-90A3-23B03FB72488}
		{56948C3A-155B-4756-B310-972E5A82EFA9} = {F8640020-E005-4F81-90A3-23B03FB72488}
		{326C39E8-280A-4BEB-B903-4A5C128EDE27} = {F8640020-E005-4F81-90A3-23B03FB72488}
		{18E74158-6B6C-4364-92B3-FE962349EDB8} = {F8640020-E005-4F81-90A3-23B03FB72488}
		{48EA1DBD-FD56-4823-B37F-AC6C1CEF00F3} = {1AAF522A-90B8-4A6D-82ED-CAC36337D1E3}
		{AE9D6AFE-B393-4736-A657-157EE2F7D596} = {1AAF522A-90B8-4A6D-82ED-CAC36337D1E3}
		{E0F0B0D0-99C2-421E-A487-3E23F8142430} = {1AAF522A-90B8-4A6D-82ED-CAC36337D1E3}
		{F4D8FD36-F4F5-4FB3-8F90-AA471C9DCE27} = {1AAF522A-90B8-4A6D-82ED-CAC36337D1E3}
		{63C360E1-8602-4A0E-8EF6-C828C85B277F} = {1AAF522A-90B8-4A6D-82ED-CAC36337D1E3}
		{1235191B-DD59-4438-B348-72342C436300} = {1AAF522A-90B8-4A6D-82ED-CAC36337D1E3}
		{084A7029-9792-4420-A639-523D71BB9F78} = {1AAF522A-90B8-4A6D-82ED-CAC36337D1E3}
		{6C8B0DB7-A58A-AB70-21C6-E0FDE0F24387} = {5F57B776-6262-45A9-9BA7-F1273451B322}
		{D8D9FC1D-7AF8-DC51-EF6E-06F485B517CE} = {5F57B776-6262-45A9-9BA7-F1273451B322}
		{CA3C0B77-5009-2CDB-AD19-218676E2B005} = {5F57B776-6262-45A9-9BA7-F1273451B322}
		{8134549A-77AE-9ACE-2575-E53934A7D567} = {5F57B776-6262-45A9-9BA7-F1273451B322}
		{4B301489-EB12-A802-3464-D04438FCDADA} = {5F57B776-6262-45A9-9BA7-F1273451B322}
		{394180A5-B46E-D4AB-C34A-FEC5ED5F42D2} = {5F57B776-6262-45A9-9BA7-F1273451B322}
		{52F7E8C0-7352-C6A6-9A57-19D7140DFD23} = {5F57B776-6262-45A9-9BA7-F1273451B322}
		{4C0A47B3-4568-9416-C261-5F3889838902} = {51A3C0AB-4497-4F77-87A8-094686114638}
		{83F90447-5EDB-4DD9-B8C4-06B3133CB063} = {51A3C0AB-4497-4F77-87A8-094686114638}
		{B073855C-5EF1-4256-BE59-B2CC8D4993BE} = {D23888AB-9439-4EA8-9618-09D9A463AF21}
	EndGlobalSection
	GlobalSection(ExtensibilityGlobals) = postSolution
		SolutionGuid = {72D687DF-7475-43CC-BA82-5403F6ECBBF3}
	EndGlobalSection
EndGlobal
