
Microsoft Visual Studio Solution File, Format Version 12.00
# Visual Studio Version 17
VisualStudioVersion = 17.11.35327.3
MinimumVisualStudioVersion = 10.0.40219.1
Project("{2150E333-8FDC-42A3-9474-1A3956D46DE8}") = "Product", "Product", "{5F57B776-6262-45A9-9BA7-F1273451B322}"
EndProject
Project("{9A19103F-16F7-4668-BE54-9A1E7A4F7556}") = "Product.App.Web", "Product.App.Web\Product.App.Web.csproj", "{24148486-663E-4DC9-87A9-CFAC481B9390}"
EndProject
Project("{9A19103F-16F7-4668-BE54-9A1E7A4F7556}") = "Product.App.BLL", "Product.App.BLL\Product.App.BLL.csproj", "{38A76AFC-40D1-456A-B338-EE6D90337E59}"
EndProject
Project("{9A19103F-16F7-4668-BE54-9A1E7A4F7556}") = "Product.App.Data", "Product.App.Data\Product.App.Data.csproj", "{E3B43F9F-292E-4968-BBC4-A0E3D8A7C382}"
EndProject
Project("{9A19103F-16F7-4668-BE54-9A1E7A4F7556}") = "Product.App.Domain", "Product.App.Domain\Product.App.Domain.csproj", "{C128A001-03E9-4A87-A9E7-5B8BA9630EBC}"
EndProject
Project("{9A19103F-16F7-4668-BE54-9A1E7A4F7556}") = "Product.App.Helper", "Product.App.Helper\Product.App.Helper.csproj", "{70CCFDFC-A5AF-4C48-8DC0-9BA62F8BED66}"
EndProject
Project("{9A19103F-16F7-4668-BE54-9A1E7A4F7556}") = "Product.App.Infrastructure", "Product.App.Infrastructure\Product.App.Infrastructure.csproj", "{529D2D06-E45B-4719-A2DF-33B9222A82A6}"
EndProject
Project("{9A19103F-16F7-4668-BE54-9A1E7A4F7556}") = "Product.App.Service", "Product.App.Service\Product.App.Service.csproj", "{5D02D72A-A6B1-41F0-901E-AD1920FB272B}"
EndProject
Project("{2150E333-8FDC-42A3-9474-1A3956D46DE8}") = "SharedService", "SharedService", "{51A3C0AB-4497-4F77-87A8-094686114638}"
EndProject
Project("{9A19103F-16F7-4668-BE54-9A1E7A4F7556}") = "Shared.RabbitMQ.Models", "Shared.RabbitMQ.Models\Shared.RabbitMQ.Models.csproj", "{A442C011-D15C-4D51-95D3-3008E09E44F4}"
EndProject
Project("{2150E333-8FDC-42A3-9474-1A3956D46DE8}") = "OrderMS", "OrderMS", "{F8640020-E005-4F81-90A3-23B03FB72488}"
EndProject
Project("{FAE04EC0-301F-11D3-BF4B-00C04F79EFBC}") = "OrderMS.App.Ingrastructure", "OrderMs\OrderMS.App.Ingrastructure\OrderMS.App.Ingrastructure.csproj", "{E6FB2B95-05BC-4260-AEB4-DD70CCD8F203}"
EndProject
Project("{FAE04EC0-301F-11D3-BF4B-00C04F79EFBC}") = "OrderMS.App.Web", "OrderMS\OrderMS.App.Web\OrderMS.App.Web.csproj", "{FC3D4A73-35FD-4CDE-9F56-13B18B26DF90}"
EndProject
Project("{FAE04EC0-301F-11D3-BF4B-00C04F79EFBC}") = "OrderMS.App.BLL", "OrderMS\OrderMS.App.BLL\OrderMS.App.BLL.csproj", "{F5DE9A52-8F66-4F94-ABF5-F69A31EB04D1}"
EndProject
Project("{FAE04EC0-301F-11D3-BF4B-00C04F79EFBC}") = "OrderMS.App.Data", "OrderMS\OrderMS.App.Data\OrderMS.App.Data.csproj", "{92DF994B-0C5C-45A7-A692-9C252C1EE9DC}"
EndProject
Project("{FAE04EC0-301F-11D3-BF4B-00C04F79EFBC}") = "OrderMS.App.Domain", "OrderMS\OrderMS.App.Domain\OrderMS.App.Domain.csproj", "{863AE821-9D2D-49D6-B629-5E5F4DB8A5C0}"
EndProject
Project("{FAE04EC0-301F-11D3-BF4B-00C04F79EFBC}") = "OrderMS.App.Helper", "OrderMS\OrderMS.App.Helper\OrderMS.App.Helper.csproj", "{56948C3A-155B-4756-B310-972E5A82EFA9}"
EndProject
Project("{FAE04EC0-301F-11D3-BF4B-00C04F79EFBC}") = "OrderMS.App.Service", "OrderMS\OrderMS.App.Service\OrderMS.App.Service.csproj", "{326C39E8-280A-4BEB-B903-4A5C128EDE27}"
EndProject
Global
	GlobalSection(SolutionConfigurationPlatforms) = preSolution
		Debug|Any CPU = Debug|Any CPU
		Release|Any CPU = Release|Any CPU
	EndGlobalSection
	GlobalSection(ProjectConfigurationPlatforms) = postSolution
		{24148486-663E-4DC9-87A9-CFAC481B9390}.Debug|Any CPU.ActiveCfg = Debug|Any CPU
		{24148486-663E-4DC9-87A9-CFAC481B9390}.Debug|Any CPU.Build.0 = Debug|Any CPU
		{24148486-663E-4DC9-87A9-CFAC481B9390}.Release|Any CPU.ActiveCfg = Release|Any CPU
		{24148486-663E-4DC9-87A9-CFAC481B9390}.Release|Any CPU.Build.0 = Release|Any CPU
		{38A76AFC-40D1-456A-B338-EE6D90337E59}.Debug|Any CPU.ActiveCfg = Debug|Any CPU
		{38A76AFC-40D1-456A-B338-EE6D90337E59}.Debug|Any CPU.Build.0 = Debug|Any CPU
		{38A76AFC-40D1-456A-B338-EE6D90337E59}.Release|Any CPU.ActiveCfg = Release|Any CPU
		{38A76AFC-40D1-456A-B338-EE6D90337E59}.Release|Any CPU.Build.0 = Release|Any CPU
		{E3B43F9F-292E-4968-BBC4-A0E3D8A7C382}.Debug|Any CPU.ActiveCfg = Debug|Any CPU
		{E3B43F9F-292E-4968-BBC4-A0E3D8A7C382}.Debug|Any CPU.Build.0 = Debug|Any CPU
		{E3B43F9F-292E-4968-BBC4-A0E3D8A7C382}.Release|Any CPU.ActiveCfg = Release|Any CPU
		{E3B43F9F-292E-4968-BBC4-A0E3D8A7C382}.Release|Any CPU.Build.0 = Release|Any CPU
		{C128A001-03E9-4A87-A9E7-5B8BA9630EBC}.Debug|Any CPU.ActiveCfg = Debug|Any CPU
		{C128A001-03E9-4A87-A9E7-5B8BA9630EBC}.Debug|Any CPU.Build.0 = Debug|Any CPU
		{C128A001-03E9-4A87-A9E7-5B8BA9630EBC}.Release|Any CPU.ActiveCfg = Release|Any CPU
		{C128A001-03E9-4A87-A9E7-5B8BA9630EBC}.Release|Any CPU.Build.0 = Release|Any CPU
		{70CCFDFC-A5AF-4C48-8DC0-9BA62F8BED66}.Debug|Any CPU.ActiveCfg = Debug|Any CPU
		{70CCFDFC-A5AF-4C48-8DC0-9BA62F8BED66}.Debug|Any CPU.Build.0 = Debug|Any CPU
		{70CCFDFC-A5AF-4C48-8DC0-9BA62F8BED66}.Release|Any CPU.ActiveCfg = Release|Any CPU
		{70CCFDFC-A5AF-4C48-8DC0-9BA62F8BED66}.Release|Any CPU.Build.0 = Release|Any CPU
		{529D2D06-E45B-4719-A2DF-33B9222A82A6}.Debug|Any CPU.ActiveCfg = Debug|Any CPU
		{529D2D06-E45B-4719-A2DF-33B9222A82A6}.Debug|Any CPU.Build.0 = Debug|Any CPU
		{529D2D06-E45B-4719-A2DF-33B9222A82A6}.Release|Any CPU.ActiveCfg = Release|Any CPU
		{529D2D06-E45B-4719-A2DF-33B9222A82A6}.Release|Any CPU.Build.0 = Release|Any CPU
		{5D02D72A-A6B1-41F0-901E-AD1920FB272B}.Debug|Any CPU.ActiveCfg = Debug|Any CPU
		{5D02D72A-A6B1-41F0-901E-AD1920FB272B}.Debug|Any CPU.Build.0 = Debug|Any CPU
		{5D02D72A-A6B1-41F0-901E-AD1920FB272B}.Release|Any CPU.ActiveCfg = Release|Any CPU
		{5D02D72A-A6B1-41F0-901E-AD1920FB272B}.Release|Any CPU.Build.0 = Release|Any CPU
		{A442C011-D15C-4D51-95D3-3008E09E44F4}.Debug|Any CPU.ActiveCfg = Debug|Any CPU
		{A442C011-D15C-4D51-95D3-3008E09E44F4}.Debug|Any CPU.Build.0 = Debug|Any CPU
		{A442C011-D15C-4D51-95D3-3008E09E44F4}.Release|Any CPU.ActiveCfg = Release|Any CPU
		{A442C011-D15C-4D51-95D3-3008E09E44F4}.Release|Any CPU.Build.0 = Release|Any CPU
		{E6FB2B95-05BC-4260-AEB4-DD70CCD8F203}.Debug|Any CPU.ActiveCfg = Debug|Any CPU
		{E6FB2B95-05BC-4260-AEB4-DD70CCD8F203}.Debug|Any CPU.Build.0 = Debug|Any CPU
		{E6FB2B95-05BC-4260-AEB4-DD70CCD8F203}.Release|Any CPU.ActiveCfg = Release|Any CPU
		{E6FB2B95-05BC-4260-AEB4-DD70CCD8F203}.Release|Any CPU.Build.0 = Release|Any CPU
		{FC3D4A73-35FD-4CDE-9F56-13B18B26DF90}.Debug|Any CPU.ActiveCfg = Debug|Any CPU
		{FC3D4A73-35FD-4CDE-9F56-13B18B26DF90}.Debug|Any CPU.Build.0 = Debug|Any CPU
		{FC3D4A73-35FD-4CDE-9F56-13B18B26DF90}.Release|Any CPU.ActiveCfg = Release|Any CPU
		{FC3D4A73-35FD-4CDE-9F56-13B18B26DF90}.Release|Any CPU.Build.0 = Release|Any CPU
		{F5DE9A52-8F66-4F94-ABF5-F69A31EB04D1}.Debug|Any CPU.ActiveCfg = Debug|Any CPU
		{F5DE9A52-8F66-4F94-ABF5-F69A31EB04D1}.Debug|Any CPU.Build.0 = Debug|Any CPU
		{F5DE9A52-8F66-4F94-ABF5-F69A31EB04D1}.Release|Any CPU.ActiveCfg = Release|Any CPU
		{F5DE9A52-8F66-4F94-ABF5-F69A31EB04D1}.Release|Any CPU.Build.0 = Release|Any CPU
		{92DF994B-0C5C-45A7-A692-9C252C1EE9DC}.Debug|Any CPU.ActiveCfg = Debug|Any CPU
		{92DF994B-0C5C-45A7-A692-9C252C1EE9DC}.Debug|Any CPU.Build.0 = Debug|Any CPU
		{92DF994B-0C5C-45A7-A692-9C252C1EE9DC}.Release|Any CPU.ActiveCfg = Release|Any CPU
		{92DF994B-0C5C-45A7-A692-9C252C1EE9DC}.Release|Any CPU.Build.0 = Release|Any CPU
		{863AE821-9D2D-49D6-B629-5E5F4DB8A5C0}.Debug|Any CPU.ActiveCfg = Debug|Any CPU
		{863AE821-9D2D-49D6-B629-5E5F4DB8A5C0}.Debug|Any CPU.Build.0 = Debug|Any CPU
		{863AE821-9D2D-49D6-B629-5E5F4DB8A5C0}.Release|Any CPU.ActiveCfg = Release|Any CPU
		{863AE821-9D2D-49D6-B629-5E5F4DB8A5C0}.Release|Any CPU.Build.0 = Release|Any CPU
		{56948C3A-155B-4756-B310-972E5A82EFA9}.Debug|Any CPU.ActiveCfg = Debug|Any CPU
		{56948C3A-155B-4756-B310-972E5A82EFA9}.Debug|Any CPU.Build.0 = Debug|Any CPU
		{56948C3A-155B-4756-B310-972E5A82EFA9}.Release|Any CPU.ActiveCfg = Release|Any CPU
		{56948C3A-155B-4756-B310-972E5A82EFA9}.Release|Any CPU.Build.0 = Release|Any CPU
		{326C39E8-280A-4BEB-B903-4A5C128EDE27}.Debug|Any CPU.ActiveCfg = Debug|Any CPU
		{326C39E8-280A-4BEB-B903-4A5C128EDE27}.Debug|Any CPU.Build.0 = Debug|Any CPU
		{326C39E8-280A-4BEB-B903-4A5C128EDE27}.Release|Any CPU.ActiveCfg = Release|Any CPU
		{326C39E8-280A-4BEB-B903-4A5C128EDE27}.Release|Any CPU.Build.0 = Release|Any CPU
	EndGlobalSection
	GlobalSection(SolutionProperties) = preSolution
		HideSolutionNode = FALSE
	EndGlobalSection
	GlobalSection(NestedProjects) = preSolution
		{24148486-663E-4DC9-87A9-CFAC481B9390} = {5F57B776-6262-45A9-9BA7-F1273451B322}
		{38A76AFC-40D1-456A-B338-EE6D90337E59} = {5F57B776-6262-45A9-9BA7-F1273451B322}
		{E3B43F9F-292E-4968-BBC4-A0E3D8A7C382} = {5F57B776-6262-45A9-9BA7-F1273451B322}
		{C128A001-03E9-4A87-A9E7-5B8BA9630EBC} = {5F57B776-6262-45A9-9BA7-F1273451B322}
		{70CCFDFC-A5AF-4C48-8DC0-9BA62F8BED66} = {5F57B776-6262-45A9-9BA7-F1273451B322}
		{529D2D06-E45B-4719-A2DF-33B9222A82A6} = {5F57B776-6262-45A9-9BA7-F1273451B322}
		{5D02D72A-A6B1-41F0-901E-AD1920FB272B} = {5F57B776-6262-45A9-9BA7-F1273451B322}
		{A442C011-D15C-4D51-95D3-3008E09E44F4} = {51A3C0AB-4497-4F77-87A8-094686114638}
		{E6FB2B95-05BC-4260-AEB4-DD70CCD8F203} = {F8640020-E005-4F81-90A3-23B03FB72488}
		{FC3D4A73-35FD-4CDE-9F56-13B18B26DF90} = {F8640020-E005-4F81-90A3-23B03FB72488}
		{F5DE9A52-8F66-4F94-ABF5-F69A31EB04D1} = {F8640020-E005-4F81-90A3-23B03FB72488}
		{92DF994B-0C5C-45A7-A692-9C252C1EE9DC} = {F8640020-E005-4F81-90A3-23B03FB72488}
		{863AE821-9D2D-49D6-B629-5E5F4DB8A5C0} = {F8640020-E005-4F81-90A3-23B03FB72488}
		{56948C3A-155B-4756-B310-972E5A82EFA9} = {F8640020-E005-4F81-90A3-23B03FB72488}
		{326C39E8-280A-4BEB-B903-4A5C128EDE27} = {F8640020-E005-4F81-90A3-23B03FB72488}
	EndGlobalSection
	GlobalSection(ExtensibilityGlobals) = postSolution
		SolutionGuid = {72D687DF-7475-43CC-BA82-5403F6ECBBF3}
	EndGlobalSection
EndGlobal
